// !$*UTF8*$!
{
	archiveVersion = 1;
	classes = {
	};
	objectVersion = 55;
	objects = {

/* Begin PBXBuildFile section */
		B63844E82A3074DC00C84F88 /* EarthquakesApp.swift in Sources */ = {isa = PBXBuildFile; fileRef = B63844E72A3074DC00C84F88 /* EarthquakesApp.swift */; };
		B63844EC2A3074DD00C84F88 /* Assets.xcassets in Resources */ = {isa = PBXBuildFile; fileRef = B63844EB2A3074DD00C84F88 /* Assets.xcassets */; };
		B63844EF2A3074DD00C84F88 /* Preview Assets.xcassets in Resources */ = {isa = PBXBuildFile; fileRef = B63844EE2A3074DD00C84F88 /* Preview Assets.xcassets */; };
		B63844F62A30753700C84F88 /* Quakes.swift in Sources */ = {isa = PBXBuildFile; fileRef = B63844F52A30753700C84F88 /* Quakes.swift */; };
		B63844FC2A3075C000C84F88 /* Quake.swift in Sources */ = {isa = PBXBuildFile; fileRef = B63844FB2A3075C000C84F88 /* Quake.swift */; };
		B63844FE2A30762700C84F88 /* Quake+Color.swift in Sources */ = {isa = PBXBuildFile; fileRef = B63844FD2A30762700C84F88 /* Quake+Color.swift */; };
		B63845002A3076B100C84F88 /* QuakeRow.swift in Sources */ = {isa = PBXBuildFile; fileRef = B63844FF2A3076B100C84F88 /* QuakeRow.swift */; };
		B63845022A3076C300C84F88 /* QuakeMagnitude.swift in Sources */ = {isa = PBXBuildFile; fileRef = B63845012A3076C300C84F88 /* QuakeMagnitude.swift */; };
		B63845042A30775200C84F88 /* SelectButton.swift in Sources */ = {isa = PBXBuildFile; fileRef = B63845032A30775200C84F88 /* SelectButton.swift */; };
		B63845062A3078D500C84F88 /* EditButton.swift in Sources */ = {isa = PBXBuildFile; fileRef = B63845052A3078D500C84F88 /* EditButton.swift */; };
		B63845082A3079EF00C84F88 /* RefreshButton.swift in Sources */ = {isa = PBXBuildFile; fileRef = B63845072A3079EF00C84F88 /* RefreshButton.swift */; };
		B638450A2A307A6600C84F88 /* ToolbarStatus.swift in Sources */ = {isa = PBXBuildFile; fileRef = B63845092A307A6600C84F88 /* ToolbarStatus.swift */; };
		B638450C2A307CD100C84F88 /* DeleteButton.swift in Sources */ = {isa = PBXBuildFile; fileRef = B638450B2A307CD100C84F88 /* DeleteButton.swift */; };
		B638450E2A307FA900C84F88 /* Quakes+Toolbar.swift in Sources */ = {isa = PBXBuildFile; fileRef = B638450D2A307FA900C84F88 /* Quakes+Toolbar.swift */; };
		B6EEC4822A31B07F00EE4EA7 /* QuakeError.swift in Sources */ = {isa = PBXBuildFile; fileRef = B6EEC4812A31B07F00EE4EA7 /* QuakeError.swift */; };
		B6EEC48A2A31B43200EE4EA7 /* EarthquakesTests.swift in Sources */ = {isa = PBXBuildFile; fileRef = B6EEC4892A31B43200EE4EA7 /* EarthquakesTests.swift */; };
		B6EEC4932A31B7AE00EE4EA7 /* GeoJSON.swift in Sources */ = {isa = PBXBuildFile; fileRef = B6EEC4922A31B7AE00EE4EA7 /* GeoJSON.swift */; };
		B6EEC4952A31BC4E00EE4EA7 /* QuakeLocation.swift in Sources */ = {isa = PBXBuildFile; fileRef = B6EEC4942A31BC4E00EE4EA7 /* QuakeLocation.swift */; };
		B6EEC4972A31C20000EE4EA7 /* HTTPDataDownloader.swift in Sources */ = {isa = PBXBuildFile; fileRef = B6EEC4962A31C20000EE4EA7 /* HTTPDataDownloader.swift */; };
		B6EEC4992A31C34C00EE4EA7 /* QuakeClient.swift in Sources */ = {isa = PBXBuildFile; fileRef = B6EEC4982A31C34C00EE4EA7 /* QuakeClient.swift */; };
		B6EEC49A2A31C64200EE4EA7 /* TestData.swift in Sources */ = {isa = PBXBuildFile; fileRef = B6EEC4902A31B4C200EE4EA7 /* TestData.swift */; };
		B6EEC49C2A31C68900EE4EA7 /* TestDownloader.swift in Sources */ = {isa = PBXBuildFile; fileRef = B6EEC49B2A31C68900EE4EA7 /* TestDownloader.swift */; };
		B6EEC4A02A31C82200EE4EA7 /* QuakesProvider.swift in Sources */ = {isa = PBXBuildFile; fileRef = B6EEC49F2A31C82200EE4EA7 /* QuakesProvider.swift */; };
		B6EEC4A22A31CE2A00EE4EA7 /* CacheEntryObject.swift in Sources */ = {isa = PBXBuildFile; fileRef = B6EEC4A12A31CE2A00EE4EA7 /* CacheEntryObject.swift */; };
		B6EEC4A42A31CF1400EE4EA7 /* NSCache+Subscript.swift in Sources */ = {isa = PBXBuildFile; fileRef = B6EEC4A32A31CF1400EE4EA7 /* NSCache+Subscript.swift */; };
/* End PBXBuildFile section */

/* Begin PBXContainerItemProxy section */
		B6EEC48B2A31B43200EE4EA7 /* PBXContainerItemProxy */ = {
			isa = PBXContainerItemProxy;
			containerPortal = B63844DC2A3074DB00C84F88 /* Project object */;
			proxyType = 1;
			remoteGlobalIDString = B63844E32A3074DB00C84F88;
			remoteInfo = Earthquakes;
		};
/* End PBXContainerItemProxy section */

/* Begin PBXFileReference section */
		B63844E42A3074DB00C84F88 /* Earthquakes.app */ = {isa = PBXFileReference; explicitFileType = wrapper.application; includeInIndex = 0; path = Earthquakes.app; sourceTree = BUILT_PRODUCTS_DIR; };
		B63844E72A3074DC00C84F88 /* EarthquakesApp.swift */ = {isa = PBXFileReference; lastKnownFileType = sourcecode.swift; path = EarthquakesApp.swift; sourceTree = "<group>"; };
		B63844EB2A3074DD00C84F88 /* Assets.xcassets */ = {isa = PBXFileReference; lastKnownFileType = folder.assetcatalog; path = Assets.xcassets; sourceTree = "<group>"; };
		B63844EE2A3074DD00C84F88 /* Preview Assets.xcassets */ = {isa = PBXFileReference; lastKnownFileType = folder.assetcatalog; path = "Preview Assets.xcassets"; sourceTree = "<group>"; };
		B63844F52A30753700C84F88 /* Quakes.swift */ = {isa = PBXFileReference; lastKnownFileType = sourcecode.swift; path = Quakes.swift; sourceTree = "<group>"; };
		B63844FB2A3075C000C84F88 /* Quake.swift */ = {isa = PBXFileReference; lastKnownFileType = sourcecode.swift; path = Quake.swift; sourceTree = "<group>"; };
		B63844FD2A30762700C84F88 /* Quake+Color.swift */ = {isa = PBXFileReference; lastKnownFileType = sourcecode.swift; path = "Quake+Color.swift"; sourceTree = "<group>"; };
		B63844FF2A3076B100C84F88 /* QuakeRow.swift */ = {isa = PBXFileReference; lastKnownFileType = sourcecode.swift; path = QuakeRow.swift; sourceTree = "<group>"; };
		B63845012A3076C300C84F88 /* QuakeMagnitude.swift */ = {isa = PBXFileReference; lastKnownFileType = sourcecode.swift; path = QuakeMagnitude.swift; sourceTree = "<group>"; };
		B63845032A30775200C84F88 /* SelectButton.swift */ = {isa = PBXFileReference; lastKnownFileType = sourcecode.swift; path = SelectButton.swift; sourceTree = "<group>"; };
		B63845052A3078D500C84F88 /* EditButton.swift */ = {isa = PBXFileReference; lastKnownFileType = sourcecode.swift; path = EditButton.swift; sourceTree = "<group>"; };
		B63845072A3079EF00C84F88 /* RefreshButton.swift */ = {isa = PBXFileReference; lastKnownFileType = sourcecode.swift; path = RefreshButton.swift; sourceTree = "<group>"; };
		B63845092A307A6600C84F88 /* ToolbarStatus.swift */ = {isa = PBXFileReference; lastKnownFileType = sourcecode.swift; path = ToolbarStatus.swift; sourceTree = "<group>"; };
		B638450B2A307CD100C84F88 /* DeleteButton.swift */ = {isa = PBXFileReference; lastKnownFileType = sourcecode.swift; path = DeleteButton.swift; sourceTree = "<group>"; };
		B638450D2A307FA900C84F88 /* Quakes+Toolbar.swift */ = {isa = PBXFileReference; lastKnownFileType = sourcecode.swift; path = "Quakes+Toolbar.swift"; sourceTree = "<group>"; };
		B6EEC4812A31B07F00EE4EA7 /* QuakeError.swift */ = {isa = PBXFileReference; lastKnownFileType = sourcecode.swift; path = QuakeError.swift; sourceTree = "<group>"; };
		B6EEC4872A31B43200EE4EA7 /* EarthquakesTests.xctest */ = {isa = PBXFileReference; explicitFileType = wrapper.cfbundle; includeInIndex = 0; path = EarthquakesTests.xctest; sourceTree = BUILT_PRODUCTS_DIR; };
		B6EEC4892A31B43200EE4EA7 /* EarthquakesTests.swift */ = {isa = PBXFileReference; lastKnownFileType = sourcecode.swift; path = EarthquakesTests.swift; sourceTree = "<group>"; };
		B6EEC4902A31B4C200EE4EA7 /* TestData.swift */ = {isa = PBXFileReference; lastKnownFileType = sourcecode.swift; path = TestData.swift; sourceTree = "<group>"; };
		B6EEC4922A31B7AE00EE4EA7 /* GeoJSON.swift */ = {isa = PBXFileReference; lastKnownFileType = sourcecode.swift; path = GeoJSON.swift; sourceTree = "<group>"; };
		B6EEC4942A31BC4E00EE4EA7 /* QuakeLocation.swift */ = {isa = PBXFileReference; lastKnownFileType = sourcecode.swift; path = QuakeLocation.swift; sourceTree = "<group>"; };
		B6EEC4962A31C20000EE4EA7 /* HTTPDataDownloader.swift */ = {isa = PBXFileReference; lastKnownFileType = sourcecode.swift; path = HTTPDataDownloader.swift; sourceTree = "<group>"; };
		B6EEC4982A31C34C00EE4EA7 /* QuakeClient.swift */ = {isa = PBXFileReference; lastKnownFileType = sourcecode.swift; path = QuakeClient.swift; sourceTree = "<group>"; };
		B6EEC49B2A31C68900EE4EA7 /* TestDownloader.swift */ = {isa = PBXFileReference; lastKnownFileType = sourcecode.swift; path = TestDownloader.swift; sourceTree = "<group>"; };
		B6EEC49F2A31C82200EE4EA7 /* QuakesProvider.swift */ = {isa = PBXFileReference; lastKnownFileType = sourcecode.swift; path = QuakesProvider.swift; sourceTree = "<group>"; };
		B6EEC4A12A31CE2A00EE4EA7 /* CacheEntryObject.swift */ = {isa = PBXFileReference; lastKnownFileType = sourcecode.swift; path = CacheEntryObject.swift; sourceTree = "<group>"; };
		B6EEC4A32A31CF1400EE4EA7 /* NSCache+Subscript.swift */ = {isa = PBXFileReference; lastKnownFileType = sourcecode.swift; path = "NSCache+Subscript.swift"; sourceTree = "<group>"; };
/* End PBXFileReference section */

/* Begin PBXFrameworksBuildPhase section */
		B63844E12A3074DB00C84F88 /* Frameworks */ = {
			isa = PBXFrameworksBuildPhase;
			buildActionMask = 2147483647;
			files = (
			);
			runOnlyForDeploymentPostprocessing = 0;
		};
		B6EEC4842A31B43200EE4EA7 /* Frameworks */ = {
			isa = PBXFrameworksBuildPhase;
			buildActionMask = 2147483647;
			files = (
			);
			runOnlyForDeploymentPostprocessing = 0;
		};
/* End PBXFrameworksBuildPhase section */

/* Begin PBXGroup section */
		B63844DB2A3074DB00C84F88 = {
			isa = PBXGroup;
			children = (
				B63844E62A3074DB00C84F88 /* Earthquakes */,
				B6EEC4882A31B43200EE4EA7 /* EarthquakesTests */,
				B63844E52A3074DB00C84F88 /* Products */,
			);
			sourceTree = "<group>";
		};
		B63844E52A3074DB00C84F88 /* Products */ = {
			isa = PBXGroup;
			children = (
				B63844E42A3074DB00C84F88 /* Earthquakes.app */,
				B6EEC4872A31B43200EE4EA7 /* EarthquakesTests.xctest */,
			);
			name = Products;
			sourceTree = "<group>";
		};
		B63844E62A3074DB00C84F88 /* Earthquakes */ = {
			isa = PBXGroup;
			children = (
				B63844E72A3074DC00C84F88 /* EarthquakesApp.swift */,
				B63844F92A30757900C84F88 /* Models */,
				B63844F82A30756D00C84F88 /* Views */,
				B63844F72A30755800C84F88 /* Resources */,
				B63844ED2A3074DD00C84F88 /* Preview Content */,
			);
			path = Earthquakes;
			sourceTree = "<group>";
		};
		B63844ED2A3074DD00C84F88 /* Preview Content */ = {
			isa = PBXGroup;
			children = (
				B63844EE2A3074DD00C84F88 /* Preview Assets.xcassets */,
				B6EEC4902A31B4C200EE4EA7 /* TestData.swift */,
				B6EEC49B2A31C68900EE4EA7 /* TestDownloader.swift */,
			);
			path = "Preview Content";
			sourceTree = "<group>";
		};
		B63844F72A30755800C84F88 /* Resources */ = {
			isa = PBXGroup;
			children = (
				B63844EB2A3074DD00C84F88 /* Assets.xcassets */,
			);
			path = Resources;
			sourceTree = "<group>";
		};
		B63844F82A30756D00C84F88 /* Views */ = {
			isa = PBXGroup;
			children = (
				B63844F52A30753700C84F88 /* Quakes.swift */,
				B63844FF2A3076B100C84F88 /* QuakeRow.swift */,
				B63845012A3076C300C84F88 /* QuakeMagnitude.swift */,
				B63844FA2A30758700C84F88 /* ToolbarContent */,
			);
			path = Views;
			sourceTree = "<group>";
		};
		B63844F92A30757900C84F88 /* Models */ = {
			isa = PBXGroup;
			children = (
				B63844FB2A3075C000C84F88 /* Quake.swift */,
				B63844FD2A30762700C84F88 /* Quake+Color.swift */,
				B6EEC4812A31B07F00EE4EA7 /* QuakeError.swift */,
				B6EEC4922A31B7AE00EE4EA7 /* GeoJSON.swift */,
				B6EEC4942A31BC4E00EE4EA7 /* QuakeLocation.swift */,
				B6EEC4962A31C20000EE4EA7 /* HTTPDataDownloader.swift */,
				B6EEC4982A31C34C00EE4EA7 /* QuakeClient.swift */,
				B6EEC49F2A31C82200EE4EA7 /* QuakesProvider.swift */,
				B6EEC4A12A31CE2A00EE4EA7 /* CacheEntryObject.swift */,
				B6EEC4A32A31CF1400EE4EA7 /* NSCache+Subscript.swift */,
			);
			path = Models;
			sourceTree = "<group>";
		};
		B63844FA2A30758700C84F88 /* ToolbarContent */ = {
			isa = PBXGroup;
			children = (
				B638450D2A307FA900C84F88 /* Quakes+Toolbar.swift */,
				B63845032A30775200C84F88 /* SelectButton.swift */,
				B63845052A3078D500C84F88 /* EditButton.swift */,
				B63845072A3079EF00C84F88 /* RefreshButton.swift */,
				B63845092A307A6600C84F88 /* ToolbarStatus.swift */,
				B638450B2A307CD100C84F88 /* DeleteButton.swift */,
			);
			path = ToolbarContent;
			sourceTree = "<group>";
		};
		B6EEC4882A31B43200EE4EA7 /* EarthquakesTests */ = {
			isa = PBXGroup;
			children = (
				B6EEC4892A31B43200EE4EA7 /* EarthquakesTests.swift */,
			);
			path = EarthquakesTests;
			sourceTree = "<group>";
		};
/* End PBXGroup section */

/* Begin PBXNativeTarget section */
		B63844E32A3074DB00C84F88 /* Earthquakes */ = {
			isa = PBXNativeTarget;
			buildConfigurationList = B63844F22A3074DD00C84F88 /* Build configuration list for PBXNativeTarget "Earthquakes" */;
			buildPhases = (
				B63844E02A3074DB00C84F88 /* Sources */,
				B63844E12A3074DB00C84F88 /* Frameworks */,
				B63844E22A3074DB00C84F88 /* Resources */,
			);
			buildRules = (
			);
			dependencies = (
			);
			name = Earthquakes;
			productName = Earthquakes;
			productReference = B63844E42A3074DB00C84F88 /* Earthquakes.app */;
			productType = "com.apple.product-type.application";
		};
		B6EEC4862A31B43200EE4EA7 /* EarthquakesTests */ = {
			isa = PBXNativeTarget;
			buildConfigurationList = B6EEC48D2A31B43200EE4EA7 /* Build configuration list for PBXNativeTarget "EarthquakesTests" */;
			buildPhases = (
				B6EEC4832A31B43200EE4EA7 /* Sources */,
				B6EEC4842A31B43200EE4EA7 /* Frameworks */,
				B6EEC4852A31B43200EE4EA7 /* Resources */,
			);
			buildRules = (
			);
			dependencies = (
				B6EEC48C2A31B43200EE4EA7 /* PBXTargetDependency */,
			);
			name = EarthquakesTests;
			productName = EarthquakesTests;
			productReference = B6EEC4872A31B43200EE4EA7 /* EarthquakesTests.xctest */;
			productType = "com.apple.product-type.bundle.unit-test";
		};
/* End PBXNativeTarget section */

/* Begin PBXProject section */
		B63844DC2A3074DB00C84F88 /* Project object */ = {
			isa = PBXProject;
			attributes = {
				BuildIndependentTargetsInParallel = 1;
				LastSwiftUpdateCheck = 1340;
				LastUpgradeCheck = 1340;
				TargetAttributes = {
					B63844E32A3074DB00C84F88 = {
						CreatedOnToolsVersion = 13.4;
					};
					B6EEC4862A31B43200EE4EA7 = {
						CreatedOnToolsVersion = 13.4;
						TestTargetID = B63844E32A3074DB00C84F88;
					};
				};
			};
			buildConfigurationList = B63844DF2A3074DB00C84F88 /* Build configuration list for PBXProject "Earthquakes" */;
			compatibilityVersion = "Xcode 13.0";
			developmentRegion = en;
			hasScannedForEncodings = 0;
			knownRegions = (
				en,
				Base,
			);
			mainGroup = B63844DB2A3074DB00C84F88;
			productRefGroup = B63844E52A3074DB00C84F88 /* Products */;
			projectDirPath = "";
			projectRoot = "";
			targets = (
				B63844E32A3074DB00C84F88 /* Earthquakes */,
				B6EEC4862A31B43200EE4EA7 /* EarthquakesTests */,
			);
		};
/* End PBXProject section */

/* Begin PBXResourcesBuildPhase section */
		B63844E22A3074DB00C84F88 /* Resources */ = {
			isa = PBXResourcesBuildPhase;
			buildActionMask = 2147483647;
			files = (
				B63844EF2A3074DD00C84F88 /* Preview Assets.xcassets in Resources */,
				B63844EC2A3074DD00C84F88 /* Assets.xcassets in Resources */,
			);
			runOnlyForDeploymentPostprocessing = 0;
		};
		B6EEC4852A31B43200EE4EA7 /* Resources */ = {
			isa = PBXResourcesBuildPhase;
			buildActionMask = 2147483647;
			files = (
			);
			runOnlyForDeploymentPostprocessing = 0;
		};
/* End PBXResourcesBuildPhase section */

/* Begin PBXSourcesBuildPhase section */
		B63844E02A3074DB00C84F88 /* Sources */ = {
			isa = PBXSourcesBuildPhase;
			buildActionMask = 2147483647;
			files = (
				B63845022A3076C300C84F88 /* QuakeMagnitude.swift in Sources */,
				B63844E82A3074DC00C84F88 /* EarthquakesApp.swift in Sources */,
				B63844FE2A30762700C84F88 /* Quake+Color.swift in Sources */,
				B6EEC4932A31B7AE00EE4EA7 /* GeoJSON.swift in Sources */,
				B638450C2A307CD100C84F88 /* DeleteButton.swift in Sources */,
				B63845002A3076B100C84F88 /* QuakeRow.swift in Sources */,
				B63844FC2A3075C000C84F88 /* Quake.swift in Sources */,
				B6EEC4A22A31CE2A00EE4EA7 /* CacheEntryObject.swift in Sources */,
				B63845062A3078D500C84F88 /* EditButton.swift in Sources */,
				B6EEC4A02A31C82200EE4EA7 /* QuakesProvider.swift in Sources */,
				B63845042A30775200C84F88 /* SelectButton.swift in Sources */,
				B6EEC49A2A31C64200EE4EA7 /* TestData.swift in Sources */,
				B63845082A3079EF00C84F88 /* RefreshButton.swift in Sources */,
				B6EEC4822A31B07F00EE4EA7 /* QuakeError.swift in Sources */,
				B6EEC4952A31BC4E00EE4EA7 /* QuakeLocation.swift in Sources */,
				B6EEC4972A31C20000EE4EA7 /* HTTPDataDownloader.swift in Sources */,
				B63844F62A30753700C84F88 /* Quakes.swift in Sources */,
				B6EEC4992A31C34C00EE4EA7 /* QuakeClient.swift in Sources */,
				B638450A2A307A6600C84F88 /* ToolbarStatus.swift in Sources */,
				B6EEC49C2A31C68900EE4EA7 /* TestDownloader.swift in Sources */,
				B638450E2A307FA900C84F88 /* Quakes+Toolbar.swift in Sources */,
				B6EEC4A42A31CF1400EE4EA7 /* NSCache+Subscript.swift in Sources */,
			);
			runOnlyForDeploymentPostprocessing = 0;
		};
		B6EEC4832A31B43200EE4EA7 /* Sources */ = {
			isa = PBXSourcesBuildPhase;
			buildActionMask = 2147483647;
			files = (
				B6EEC48A2A31B43200EE4EA7 /* EarthquakesTests.swift in Sources */,
			);
			runOnlyForDeploymentPostprocessing = 0;
		};
/* End PBXSourcesBuildPhase section */

/* Begin PBXTargetDependency section */
		B6EEC48C2A31B43200EE4EA7 /* PBXTargetDependency */ = {
			isa = PBXTargetDependency;
			target = B63844E32A3074DB00C84F88 /* Earthquakes */;
			targetProxy = B6EEC48B2A31B43200EE4EA7 /* PBXContainerItemProxy */;
		};
/* End PBXTargetDependency section */

/* Begin XCBuildConfiguration section */
		B63844F02A3074DD00C84F88 /* Debug */ = {
			isa = XCBuildConfiguration;
			buildSettings = {
				ALWAYS_SEARCH_USER_PATHS = NO;
				CLANG_ANALYZER_NONNULL = YES;
				CLANG_ANALYZER_NUMBER_OBJECT_CONVERSION = YES_AGGRESSIVE;
				CLANG_CXX_LANGUAGE_STANDARD = "gnu++17";
				CLANG_ENABLE_MODULES = YES;
				CLANG_ENABLE_OBJC_ARC = YES;
				CLANG_ENABLE_OBJC_WEAK = YES;
				CLANG_WARN_BLOCK_CAPTURE_AUTORELEASING = YES;
				CLANG_WARN_BOOL_CONVERSION = YES;
				CLANG_WARN_COMMA = YES;
				CLANG_WARN_CONSTANT_CONVERSION = YES;
				CLANG_WARN_DEPRECATED_OBJC_IMPLEMENTATIONS = YES;
				CLANG_WARN_DIRECT_OBJC_ISA_USAGE = YES_ERROR;
				CLANG_WARN_DOCUMENTATION_COMMENTS = YES;
				CLANG_WARN_EMPTY_BODY = YES;
				CLANG_WARN_ENUM_CONVERSION = YES;
				CLANG_WARN_INFINITE_RECURSION = YES;
				CLANG_WARN_INT_CONVERSION = YES;
				CLANG_WARN_NON_LITERAL_NULL_CONVERSION = YES;
				CLANG_WARN_OBJC_IMPLICIT_RETAIN_SELF = YES;
				CLANG_WARN_OBJC_LITERAL_CONVERSION = YES;
				CLANG_WARN_OBJC_ROOT_CLASS = YES_ERROR;
				CLANG_WARN_QUOTED_INCLUDE_IN_FRAMEWORK_HEADER = YES;
				CLANG_WARN_RANGE_LOOP_ANALYSIS = YES;
				CLANG_WARN_STRICT_PROTOTYPES = YES;
				CLANG_WARN_SUSPICIOUS_MOVE = YES;
				CLANG_WARN_UNGUARDED_AVAILABILITY = YES_AGGRESSIVE;
				CLANG_WARN_UNREACHABLE_CODE = YES;
				CLANG_WARN__DUPLICATE_METHOD_MATCH = YES;
				COPY_PHASE_STRIP = NO;
				DEBUG_INFORMATION_FORMAT = dwarf;
				ENABLE_STRICT_OBJC_MSGSEND = YES;
				ENABLE_TESTABILITY = YES;
				GCC_C_LANGUAGE_STANDARD = gnu11;
				GCC_DYNAMIC_NO_PIC = NO;
				GCC_NO_COMMON_BLOCKS = YES;
				GCC_OPTIMIZATION_LEVEL = 0;
				GCC_PREPROCESSOR_DEFINITIONS = (
					"DEBUG=1",
					"$(inherited)",
				);
				GCC_WARN_64_TO_32_BIT_CONVERSION = YES;
				GCC_WARN_ABOUT_RETURN_TYPE = YES_ERROR;
				GCC_WARN_UNDECLARED_SELECTOR = YES;
				GCC_WARN_UNINITIALIZED_AUTOS = YES_AGGRESSIVE;
				GCC_WARN_UNUSED_FUNCTION = YES;
				GCC_WARN_UNUSED_VARIABLE = YES;
				IPHONEOS_DEPLOYMENT_TARGET = 15.5;
				MTL_ENABLE_DEBUG_INFO = INCLUDE_SOURCE;
				MTL_FAST_MATH = YES;
				ONLY_ACTIVE_ARCH = YES;
				SDKROOT = iphoneos;
				SWIFT_ACTIVE_COMPILATION_CONDITIONS = DEBUG;
				SWIFT_OPTIMIZATION_LEVEL = "-Onone";
			};
			name = Debug;
		};
		B63844F12A3074DD00C84F88 /* Release */ = {
			isa = XCBuildConfiguration;
			buildSettings = {
				ALWAYS_SEARCH_USER_PATHS = NO;
				CLANG_ANALYZER_NONNULL = YES;
				CLANG_ANALYZER_NUMBER_OBJECT_CONVERSION = YES_AGGRESSIVE;
				CLANG_CXX_LANGUAGE_STANDARD = "gnu++17";
				CLANG_ENABLE_MODULES = YES;
				CLANG_ENABLE_OBJC_ARC = YES;
				CLANG_ENABLE_OBJC_WEAK = YES;
				CLANG_WARN_BLOCK_CAPTURE_AUTORELEASING = YES;
				CLANG_WARN_BOOL_CONVERSION = YES;
				CLANG_WARN_COMMA = YES;
				CLANG_WARN_CONSTANT_CONVERSION = YES;
				CLANG_WARN_DEPRECATED_OBJC_IMPLEMENTATIONS = YES;
				CLANG_WARN_DIRECT_OBJC_ISA_USAGE = YES_ERROR;
				CLANG_WARN_DOCUMENTATION_COMMENTS = YES;
				CLANG_WARN_EMPTY_BODY = YES;
				CLANG_WARN_ENUM_CONVERSION = YES;
				CLANG_WARN_INFINITE_RECURSION = YES;
				CLANG_WARN_INT_CONVERSION = YES;
				CLANG_WARN_NON_LITERAL_NULL_CONVERSION = YES;
				CLANG_WARN_OBJC_IMPLICIT_RETAIN_SELF = YES;
				CLANG_WARN_OBJC_LITERAL_CONVERSION = YES;
				CLANG_WARN_OBJC_ROOT_CLASS = YES_ERROR;
				CLANG_WARN_QUOTED_INCLUDE_IN_FRAMEWORK_HEADER = YES;
				CLANG_WARN_RANGE_LOOP_ANALYSIS = YES;
				CLANG_WARN_STRICT_PROTOTYPES = YES;
				CLANG_WARN_SUSPICIOUS_MOVE = YES;
				CLANG_WARN_UNGUARDED_AVAILABILITY = YES_AGGRESSIVE;
				CLANG_WARN_UNREACHABLE_CODE = YES;
				CLANG_WARN__DUPLICATE_METHOD_MATCH = YES;
				COPY_PHASE_STRIP = NO;
				DEBUG_INFORMATION_FORMAT = "dwarf-with-dsym";
				ENABLE_NS_ASSERTIONS = NO;
				ENABLE_STRICT_OBJC_MSGSEND = YES;
				GCC_C_LANGUAGE_STANDARD = gnu11;
				GCC_NO_COMMON_BLOCKS = YES;
				GCC_WARN_64_TO_32_BIT_CONVERSION = YES;
				GCC_WARN_ABOUT_RETURN_TYPE = YES_ERROR;
				GCC_WARN_UNDECLARED_SELECTOR = YES;
				GCC_WARN_UNINITIALIZED_AUTOS = YES_AGGRESSIVE;
				GCC_WARN_UNUSED_FUNCTION = YES;
				GCC_WARN_UNUSED_VARIABLE = YES;
				IPHONEOS_DEPLOYMENT_TARGET = 15.5;
				MTL_ENABLE_DEBUG_INFO = NO;
				MTL_FAST_MATH = YES;
				SDKROOT = iphoneos;
				SWIFT_COMPILATION_MODE = wholemodule;
				SWIFT_OPTIMIZATION_LEVEL = "-O";
				VALIDATE_PRODUCT = YES;
			};
			name = Release;
		};
		B63844F32A3074DD00C84F88 /* Debug */ = {
			isa = XCBuildConfiguration;
			buildSettings = {
				ASSETCATALOG_COMPILER_APPICON_NAME = AppIcon;
				ASSETCATALOG_COMPILER_GLOBAL_ACCENT_COLOR_NAME = AccentColor;
				CODE_SIGN_STYLE = Automatic;
				CURRENT_PROJECT_VERSION = 1;
				DEVELOPMENT_ASSET_PATHS = "\"Earthquakes/Preview Content\"";
				DEVELOPMENT_TEAM = M85NJXLM4F;
				ENABLE_PREVIEWS = YES;
				GENERATE_INFOPLIST_FILE = YES;
				INFOPLIST_KEY_UIApplicationSceneManifest_Generation = YES;
				INFOPLIST_KEY_UIApplicationSupportsIndirectInputEvents = YES;
				INFOPLIST_KEY_UILaunchScreen_Generation = YES;
				INFOPLIST_KEY_UISupportedInterfaceOrientations_iPad = "UIInterfaceOrientationPortrait UIInterfaceOrientationPortraitUpsideDown UIInterfaceOrientationLandscapeLeft UIInterfaceOrientationLandscapeRight";
				INFOPLIST_KEY_UISupportedInterfaceOrientations_iPhone = "UIInterfaceOrientationPortrait UIInterfaceOrientationLandscapeLeft UIInterfaceOrientationLandscapeRight";
				LD_RUNPATH_SEARCH_PATHS = (
					"$(inherited)",
					"@executable_path/Frameworks",
				);
				MARKETING_VERSION = 1.0;
				PRODUCT_BUNDLE_IDENTIFIER = com.newtechieblog.wordpress.Earthquakes;
				PRODUCT_NAME = "$(TARGET_NAME)";
				SWIFT_EMIT_LOC_STRINGS = YES;
				SWIFT_VERSION = 5.0;
				TARGETED_DEVICE_FAMILY = "1,2";
			};
			name = Debug;
		};
		B63844F42A3074DD00C84F88 /* Release */ = {
			isa = XCBuildConfiguration;
			buildSettings = {
				ASSETCATALOG_COMPILER_APPICON_NAME = AppIcon;
				ASSETCATALOG_COMPILER_GLOBAL_ACCENT_COLOR_NAME = AccentColor;
				CODE_SIGN_STYLE = Automatic;
				CURRENT_PROJECT_VERSION = 1;
				DEVELOPMENT_ASSET_PATHS = "\"Earthquakes/Preview Content\"";
				DEVELOPMENT_TEAM = M85NJXLM4F;
				ENABLE_PREVIEWS = YES;
				GENERATE_INFOPLIST_FILE = YES;
				INFOPLIST_KEY_UIApplicationSceneManifest_Generation = YES;
				INFOPLIST_KEY_UIApplicationSupportsIndirectInputEvents = YES;
				INFOPLIST_KEY_UILaunchScreen_Generation = YES;
				INFOPLIST_KEY_UISupportedInterfaceOrientations_iPad = "UIInterfaceOrientationPortrait UIInterfaceOrientationPortraitUpsideDown UIInterfaceOrientationLandscapeLeft UIInterfaceOrientationLandscapeRight";
				INFOPLIST_KEY_UISupportedInterfaceOrientations_iPhone = "UIInterfaceOrientationPortrait UIInterfaceOrientationLandscapeLeft UIInterfaceOrientationLandscapeRight";
				LD_RUNPATH_SEARCH_PATHS = (
					"$(inherited)",
					"@executable_path/Frameworks",
				);
				MARKETING_VERSION = 1.0;
				PRODUCT_BUNDLE_IDENTIFIER = com.newtechieblog.wordpress.Earthquakes;
				PRODUCT_NAME = "$(TARGET_NAME)";
				SWIFT_EMIT_LOC_STRINGS = YES;
				SWIFT_VERSION = 5.0;
				TARGETED_DEVICE_FAMILY = "1,2";
			};
			name = Release;
		};
		B6EEC48E2A31B43200EE4EA7 /* Debug */ = {
			isa = XCBuildConfiguration;
			buildSettings = {
				BUNDLE_LOADER = "$(TEST_HOST)";
				CODE_SIGN_STYLE = Automatic;
				CURRENT_PROJECT_VERSION = 1;
				DEVELOPMENT_TEAM = M85NJXLM4F;
				GENERATE_INFOPLIST_FILE = YES;
				MARKETING_VERSION = 1.0;
				PRODUCT_BUNDLE_IDENTIFIER = com.newtechieblog.wordpress.EarthquakesTests;
				PRODUCT_NAME = "$(TARGET_NAME)";
				SWIFT_EMIT_LOC_STRINGS = NO;
				SWIFT_VERSION = 5.0;
				TARGETED_DEVICE_FAMILY = "1,2";
				TEST_HOST = "$(BUILT_PRODUCTS_DIR)/Earthquakes.app/Earthquakes";
			};
			name = Debug;
		};
		B6EEC48F2A31B43200EE4EA7 /* Release */ = {
			isa = XCBuildConfiguration;
			buildSettings = {
				BUNDLE_LOADER = "$(TEST_HOST)";
				CODE_SIGN_STYLE = Automatic;
				CURRENT_PROJECT_VERSION = 1;
				DEVELOPMENT_TEAM = M85NJXLM4F;
				GENERATE_INFOPLIST_FILE = YES;
				MARKETING_VERSION = 1.0;
				PRODUCT_BUNDLE_IDENTIFIER = com.newtechieblog.wordpress.EarthquakesTests;
				PRODUCT_NAME = "$(TARGET_NAME)";
				SWIFT_EMIT_LOC_STRINGS = NO;
				SWIFT_VERSION = 5.0;
				TARGETED_DEVICE_FAMILY = "1,2";
				TEST_HOST = "$(BUILT_PRODUCTS_DIR)/Earthquakes.app/Earthquakes";
			};
			name = Release;
		};
/* End XCBuildConfiguration section */

/* Begin XCConfigurationList section */
		B63844DF2A3074DB00C84F88 /* Build configuration list for PBXProject "Earthquakes" */ = {
			isa = XCConfigurationList;
			buildConfigurations = (
				B63844F02A3074DD00C84F88 /* Debug */,
				B63844F12A3074DD00C84F88 /* Release */,
			);
			defaultConfigurationIsVisible = 0;
			defaultConfigurationName = Release;
		};
		B63844F22A3074DD00C84F88 /* Build configuration list for PBXNativeTarget "Earthquakes" */ = {
			isa = XCConfigurationList;
			buildConfigurations = (
				B63844F32A3074DD00C84F88 /* Debug */,
				B63844F42A3074DD00C84F88 /* Release */,
			);
			defaultConfigurationIsVisible = 0;
			defaultConfigurationName = Release;
		};
		B6EEC48D2A31B43200EE4EA7 /* Build configuration list for PBXNativeTarget "EarthquakesTests" */ = {
			isa = XCConfigurationList;
			buildConfigurations = (
				B6EEC48E2A31B43200EE4EA7 /* Debug */,
				B6EEC48F2A31B43200EE4EA7 /* Release */,
			);
			defaultConfigurationIsVisible = 0;
			defaultConfigurationName = Release;
		};
/* End XCConfigurationList section */
	};
	rootObject = B63844DC2A3074DB00C84F88 /* Project object */;
}
